<?xml version="1.0" encoding="utf-8"?>
<Project ToolsVersion="4.0" xmlns="http://schemas.microsoft.com/developer/msbuild/2003">
  <ItemGroup>
    <Filter Include="Source Files">
      <UniqueIdentifier>{752f0ee3-5c37-43a0-a0d6-3153250a5b28}</UniqueIdentifier>
      <Extensions>cpp;c;cxx;rc;def;r;odl;idl;hpj;bat</Extensions>
    </Filter>
    <Filter Include="Header Files">
      <UniqueIdentifier>{53837ed0-b56f-44c0-9012-2a7674215ddc}</UniqueIdentifier>
      <Extensions>h;hpp;hxx;hm;inl</Extensions>
    </Filter>
    <Filter Include="Resource Files">
      <UniqueIdentifier>{e5de39ff-d3af-4dde-bd4a-9d60ceaf633e}</UniqueIdentifier>
      <Extensions>ico;cur;bmp;dlg;rc2;rct;bin;rgs;gif;jpg;jpeg;jpe</Extensions>
    </Filter>
  </ItemGroup>
  <ItemGroup>
    <ClCompile Include="AfxCore.cpp">
      <Filter>Source Files</Filter>
    </ClCompile>
    <ClCompile Include="BaseRmrightDlg.cpp">
      <Filter>Source Files</Filter>
    </ClCompile>
    <ClCompile Include="FiletimeDlg.cpp">
      <Filter>Source Files</Filter>
    </ClCompile>
    <ClCompile Include="GenBaseDlg.cpp">
      <Filter>Source Files</Filter>
    </ClCompile>
    <ClCompile Include="GenCodetblDlg.cpp">
      <Filter>Source Files</Filter>
    </ClCompile>
    <ClCompile Include="GenDomainDlg.cpp">
      <Filter>Source Files</Filter>
    </ClCompile>
    <ClCompile Include="GenEvaDlg.cpp">
      <Filter>Source Files</Filter>
    </ClCompile>
    <ClCompile Include="GenNameEnuDlg.cpp">
      <Filter>Source Files</Filter>
    </ClCompile>
    <ClCompile Include="GenSerialDlg.cpp">
      <Filter>Source Files</Filter>
    </ClCompile>
    <ClCompile Include="MainFrm.cpp">
      <Filter>Source Files</Filter>
    </ClCompile>
    <ClCompile Include="RegisterDlg.cpp">
      <Filter>Source Files</Filter>
    </ClCompile>
    <ClCompile Include="StdAfx.cpp">
      <Filter>Source Files</Filter>
    </ClCompile>
    <ClCompile Include="Tools.cpp">
      <Filter>Source Files</Filter>
    </ClCompile>
    <ClCompile Include="ToolsDoc.cpp">
      <Filter>Source Files</Filter>
    </ClCompile>
    <ClCompile Include="ToolsView.cpp">
      <Filter>Source Files</Filter>
    </ClCompile>
  </ItemGroup>
  <ItemGroup>
    <ResourceCompile Include="Tools.rc">
      <Filter>Source Files</Filter>
    </ResourceCompile>
  </ItemGroup>
  <ItemGroup>
    <ClInclude Include="AfxCore.h">
      <Filter>Header Files</Filter>
    </ClInclude>
    <ClInclude Include="BaseRmrightDlg.h">
      <Filter>Header Files</Filter>
    </ClInclude>
    <ClInclude Include="FiletimeDlg.h">
      <Filter>Header Files</Filter>
    </ClInclude>
    <ClInclude Include="GenBaseDlg.h">
      <Filter>Header Files</Filter>
    </ClInclude>
    <ClInclude Include="GenCodetblDlg.h">
      <Filter>Header Files</Filter>
    </ClInclude>
    <ClInclude Include="GenDomainDlg.h">
      <Filter>Header Files</Filter>
    </ClInclude>
    <ClInclude Include="GenEvaDlg.h">
      <Filter>Header Files</Filter>
    </ClInclude>
    <ClInclude Include="GenNameEnuDlg.h">
      <Filter>Header Files</Filter>
    </ClInclude>
    <ClInclude Include="GenSerialDlg.h">
      <Filter>Header Files</Filter>
    </ClInclude>
    <ClInclude Include="MainFrm.h">
      <Filter>Header Files</Filter>
    </ClInclude>
    <ClInclude Include="RegisterDlg.h">
      <Filter>Header Files</Filter>
    </ClInclude>
    <ClInclude Include="Resource.h">
      <Filter>Header Files</Filter>
    </ClInclude>
    <ClInclude Include="StdAfx.h">
      <Filter>Header Files</Filter>
    </ClInclude>
    <ClInclude Include="Tools.h">
      <Filter>Header Files</Filter>
    </ClInclude>
    <ClInclude Include="ToolsDoc.h">
      <Filter>Header Files</Filter>
    </ClInclude>
    <ClInclude Include="ToolsView.h">
      <Filter>Header Files</Filter>
    </ClInclude>
  </ItemGroup>
  <ItemGroup>
    <None Include="AfxCore.inl">
      <Filter>Header Files</Filter>
    </None>
    <None Include="res\balang.bmp">
      <Filter>Resource Files</Filter>
    </None>
    <None Include="res\bin00002.bin">
      <Filter>Resource Files</Filter>
    </None>
    <None Include="res\bitmap2.bmp">
      <Filter>Resource Files</Filter>
    </None>
    <None Include="res\bmp00005.bmp">
      <Filter>Resource Files</Filter>
    </None>
    <None Include="res\bmp00007.bmp">
      <Filter>Resource Files</Filter>
    </None>
    <None Include="res\bmp00011.bmp">
      <Filter>Resource Files</Filter>
    </None>
    <None Include="res\ico00001.ico">
      <Filter>Resource Files</Filter>
    </None>
    <None Include="res\icon1.ico">
      <Filter>Resource Files</Filter>
    </None>
    <None Include="res\idr_main.ico">
      <Filter>Resource Files</Filter>
    </None>
    <None Include="res\menuchec.bmp">
      <Filter>Resource Files</Filter>
    </None>
    <None Include="res\splash.bmp">
      <Filter>Resource Files</Filter>
    </None>
    <None Include="res\strategy.ico">
      <Filter>Resource Files</Filter>
    </None>
    <None Include="res\Toolbar.bmp">
      <Filter>Resource Files</Filter>
    </None>
    <None Include="res\Tools.ico">
      <Filter>Resource Files</Filter>
    </None>
    <None Include="res\Tools.rc2">
      <Filter>Resource Files</Filter>
    </None>
    <None Include="res\ToolsDoc.ico">
      <Filter>Resource Files</Filter>
    </None>
    <None Include="ReadMe.txt" />
    <None Include="Tools.reg" />
  </ItemGroup>
</Project>