<?xml version="1.0" encoding="utf-8"?>
<Project ToolsVersion="4.0" xmlns="http://schemas.microsoft.com/developer/msbuild/2003">
  <ItemGroup>
    <Filter Include="Source Files">
      <UniqueIdentifier>{7e5fd4cf-ca03-4c26-931f-1c7c7e23af92}</UniqueIdentifier>
      <Extensions>cpp;c;cxx;rc;def;r;odl;idl;hpj;bat</Extensions>
    </Filter>
    <Filter Include="Header Files">
      <UniqueIdentifier>{f468a117-97af-46b3-abb5-6c879d4fca3c}</UniqueIdentifier>
      <Extensions>h;hpp;hxx;hm;inl</Extensions>
    </Filter>
    <Filter Include="GridCtrl Files">
      <UniqueIdentifier>{cf8b205b-56d8-4313-9f00-a59bca8966c2}</UniqueIdentifier>
      <Extensions>h;cpp</Extensions>
    </Filter>
    <Filter Include="Resource Files">
      <UniqueIdentifier>{2dc08b3d-ecf4-4744-80f9-477bd15d9be0}</UniqueIdentifier>
      <Extensions>ico;cur;bmp;dlg;rc2;rct;bin;rgs;gif;jpg;jpeg;jpe</Extensions>
    </Filter>
  </ItemGroup>
  <ItemGroup>
    <ClCompile Include="BaseTabCtrl.cpp">
      <Filter>Source Files</Filter>
    </ClCompile>
    <ClCompile Include="BtnST.cpp">
      <Filter>Source Files</Filter>
    </ClCompile>
    <ClCompile Include="CJButton.cpp">
      <Filter>Source Files</Filter>
    </ClCompile>
    <ClCompile Include="CJControlBar.cpp">
      <Filter>Source Files</Filter>
    </ClCompile>
    <ClCompile Include="CJTabCtrlBar.cpp">
      <Filter>Source Files</Filter>
    </ClCompile>
    <ClCompile Include="DeclareDlg.cpp">
      <Filter>Source Files</Filter>
    </ClCompile>
    <ClCompile Include="Dialogs.cpp">
      <Filter>Source Files</Filter>
    </ClCompile>
    <ClCompile Include="Dibapi.cpp">
      <Filter>Source Files</Filter>
    </ClCompile>
    <ClCompile Include="Draw.cpp">
      <Filter>Source Files</Filter>
    </ClCompile>
    <ClCompile Include="EnTabCtrl.cpp">
      <Filter>Source Files</Filter>
    </ClCompile>
    <ClCompile Include="FlatListBox.cpp">
      <Filter>Source Files</Filter>
    </ClCompile>
    <ClCompile Include="HyperLink.cpp">
      <Filter>Source Files</Filter>
    </ClCompile>
    <ClCompile Include="LocalProperty.cpp">
      <Filter>Source Files</Filter>
    </ClCompile>
    <ClCompile Include="MagicEdit.cpp">
      <Filter>Source Files</Filter>
    </ClCompile>
    <ClCompile Include="MenuButton.cpp">
      <Filter>Source Files</Filter>
    </ClCompile>
    <ClCompile Include="MenuXP.cpp">
      <Filter>Source Files</Filter>
    </ClCompile>
    <ClCompile Include="ModulVer.cpp">
      <Filter>Source Files</Filter>
    </ClCompile>
    <ClCompile Include="SplashDlg.cpp">
      <Filter>Source Files</Filter>
    </ClCompile>
    <ClCompile Include="StdAfx.cpp">
      <Filter>Source Files</Filter>
    </ClCompile>
    <ClCompile Include="TextToolBar.cpp">
      <Filter>Source Files</Filter>
    </ClCompile>
    <ClCompile Include="ThemeHelperST.cpp">
      <Filter>Source Files</Filter>
    </ClCompile>
    <ClCompile Include="TipDialog.cpp">
      <Filter>Source Files</Filter>
    </ClCompile>
    <ClCompile Include="Tools.cpp">
      <Filter>Source Files</Filter>
    </ClCompile>
    <ClCompile Include="WorkspBar.cpp">
      <Filter>Source Files</Filter>
    </ClCompile>
    <ClCompile Include="XFDialog.cpp">
      <Filter>Source Files</Filter>
    </ClCompile>
    <ClCompile Include="XPFace.cpp">
      <Filter>Source Files</Filter>
    </ClCompile>
    <ClCompile Include="XPStyleButtonST.cpp">
      <Filter>Source Files</Filter>
    </ClCompile>
    <ClCompile Include="GridCtrl\GridCtrl.cpp">
      <Filter>GridCtrl Files</Filter>
    </ClCompile>
    <ClCompile Include="GridCtrl\GridDropTarget.cpp">
      <Filter>GridCtrl Files</Filter>
    </ClCompile>
    <ClCompile Include="GridCtrl\InPlaceEdit.cpp">
      <Filter>GridCtrl Files</Filter>
    </ClCompile>
    <ClCompile Include="GridCtrl\InPlaceList.cpp">
      <Filter>GridCtrl Files</Filter>
    </ClCompile>
    <ClCompile Include="GridCtrl\TitleTip.cpp">
      <Filter>GridCtrl Files</Filter>
    </ClCompile>
  </ItemGroup>
  <ItemGroup>
    <None Include="XPFace.def">
      <Filter>Source Files</Filter>
    </None>
    <None Include="res\leftlogo.bmp">
      <Filter>Resource Files</Filter>
    </None>
    <None Include="ReadMe.txt" />
  </ItemGroup>
  <ItemGroup>
    <ResourceCompile Include="XPFace.rc">
      <Filter>Source Files</Filter>
    </ResourceCompile>
  </ItemGroup>
  <ItemGroup>
    <ClInclude Include="..\Include\BaseTabCtrl.h">
      <Filter>Header Files</Filter>
    </ClInclude>
    <ClInclude Include="..\Include\BtnST.h">
      <Filter>Header Files</Filter>
    </ClInclude>
    <ClInclude Include="..\Include\CJButton.h">
      <Filter>Header Files</Filter>
    </ClInclude>
    <ClInclude Include="..\Include\CJControlBar.h">
      <Filter>Header Files</Filter>
    </ClInclude>
    <ClInclude Include="..\Include\CJTabCtrlBar.h">
      <Filter>Header Files</Filter>
    </ClInclude>
    <ClInclude Include="..\Include\DeclareDlg.h">
      <Filter>Header Files</Filter>
    </ClInclude>
    <ClInclude Include="..\Include\Dialogs.h">
      <Filter>Header Files</Filter>
    </ClInclude>
    <ClInclude Include="..\Include\Dibapi.h">
      <Filter>Header Files</Filter>
    </ClInclude>
    <ClInclude Include="..\Include\Draw.h">
      <Filter>Header Files</Filter>
    </ClInclude>
    <ClInclude Include="..\Include\EnTabCtrl.h">
      <Filter>Header Files</Filter>
    </ClInclude>
    <ClInclude Include="..\Include\FlatListBox.h">
      <Filter>Header Files</Filter>
    </ClInclude>
    <ClInclude Include="..\Include\HyperLink.h">
      <Filter>Header Files</Filter>
    </ClInclude>
    <ClInclude Include="..\Include\LocalProperty.h">
      <Filter>Header Files</Filter>
    </ClInclude>
    <ClInclude Include="..\Include\MagicEdit.h">
      <Filter>Header Files</Filter>
    </ClInclude>
    <ClInclude Include="..\Include\MenuButton.h">
      <Filter>Header Files</Filter>
    </ClInclude>
    <ClInclude Include="..\Include\MenuXP.h">
      <Filter>Header Files</Filter>
    </ClInclude>
    <ClInclude Include="..\Include\ModulVer.h">
      <Filter>Header Files</Filter>
    </ClInclude>
    <ClInclude Include="resource.h">
      <Filter>Header Files</Filter>
    </ClInclude>
    <ClInclude Include="..\Include\SplashDlg.h">
      <Filter>Header Files</Filter>
    </ClInclude>
    <ClInclude Include="StdAfx.h">
      <Filter>Header Files</Filter>
    </ClInclude>
    <ClInclude Include="..\Include\TextToolBar.h">
      <Filter>Header Files</Filter>
    </ClInclude>
    <ClInclude Include="..\Include\ThemeHelperST.h">
      <Filter>Header Files</Filter>
    </ClInclude>
    <ClInclude Include="..\Include\TipDialog.h">
      <Filter>Header Files</Filter>
    </ClInclude>
    <ClInclude Include="..\Include\Tools.h">
      <Filter>Header Files</Filter>
    </ClInclude>
    <ClInclude Include="..\Include\WorkspBar.h">
      <Filter>Header Files</Filter>
    </ClInclude>
    <ClInclude Include="..\Include\XFDialog.h">
      <Filter>Header Files</Filter>
    </ClInclude>
    <ClInclude Include="..\Include\XPFace.h">
      <Filter>Header Files</Filter>
    </ClInclude>
    <ClInclude Include="..\Include\XPStyleButtonST.h">
      <Filter>Header Files</Filter>
    </ClInclude>
    <ClInclude Include="..\Include\GridCtrl\CellRange.h">
      <Filter>GridCtrl Files</Filter>
    </ClInclude>
    <ClInclude Include="..\Include\GridCtrl\GridCtrl.h">
      <Filter>GridCtrl Files</Filter>
    </ClInclude>
    <ClInclude Include="..\Include\GridCtrl\GridDropTarget.h">
      <Filter>GridCtrl Files</Filter>
    </ClInclude>
    <ClInclude Include="..\Include\GridCtrl\InPlaceEdit.h">
      <Filter>GridCtrl Files</Filter>
    </ClInclude>
    <ClInclude Include="..\Include\GridCtrl\InPlaceList.h">
      <Filter>GridCtrl Files</Filter>
    </ClInclude>
    <ClInclude Include="..\Include\GridCtrl\MemDC.h">
      <Filter>GridCtrl Files</Filter>
    </ClInclude>
    <ClInclude Include="..\Include\GridCtrl\TitleTip.h">
      <Filter>GridCtrl Files</Filter>
    </ClInclude>
  </ItemGroup>
</Project>