
Microsoft Visual Studio Solution File, Format Version 10.00
# Visual Studio 2008
Project("{8BC9CEB8-8B4A-11D0-8D11-00A0C91BC942}") = "NetTS", "NetTS\NetTS.vcproj", "{176BAB1D-7A97-48A2-A431-C687E01B1D49}"
EndProject
Project("{8BC9CEB8-8B4A-11D0-8D11-00A0C91BC942}") = "StkLib", "StkLib\Src\StkLib.vcproj", "{19283E59-3CF7-4931-BCB6-2B793DAE8003}"
EndProject
Project("{8BC9CEB8-8B4A-11D0-8D11-00A0C91BC942}") = "StkNet", "StkNet\Src\StkNet.vcproj", "{5CA1542D-10EE-427D-A7B2-A9A3FE6251BA}"
	ProjectSection(ProjectDependencies) = postProject
		{19283E59-3CF7-4931-BCB6-2B793DAE8003} = {19283E59-3CF7-4931-BCB6-2B793DAE8003}
	EndProjectSection
EndProject
Project("{8BC9CEB8-8B4A-11D0-8D11-00A0C91BC942}") = "StkTech", "StkTech\StkTech.vcproj", "{6E08C1A6-C42A-494D-B12C-A79F3B8D7965}"
EndProject
Project("{8BC9CEB8-8B4A-11D0-8D11-00A0C91BC942}") = "StkUI", "StkUI\StkUI.vcproj", "{0F04F780-956B-423F-B91B-974185F6054D}"
	ProjectSection(ProjectDependencies) = postProject
		{A33E346C-D5D7-4D58-95DF-0E9674B9D26E} = {A33E346C-D5D7-4D58-95DF-0E9674B9D26E}
		{19283E59-3CF7-4931-BCB6-2B793DAE8003} = {19283E59-3CF7-4931-BCB6-2B793DAE8003}
		{5CA1542D-10EE-427D-A7B2-A9A3FE6251BA} = {5CA1542D-10EE-427D-A7B2-A9A3FE6251BA}
		{0E6ED976-E876-4E46-B086-B0A914335C14} = {0E6ED976-E876-4E46-B086-B0A914335C14}
		{176BAB1D-7A97-48A2-A431-C687E01B1D49} = {176BAB1D-7A97-48A2-A431-C687E01B1D49}
	EndProjectSection
EndProject
Project("{8BC9CEB8-8B4A-11D0-8D11-00A0C91BC942}") = "Tools", "Tools\Tools.vcproj", "{45A0712A-A7EE-4EDB-9DF1-6246A7AA4529}"
	ProjectSection(ProjectDependencies) = postProject
		{19283E59-3CF7-4931-BCB6-2B793DAE8003} = {19283E59-3CF7-4931-BCB6-2B793DAE8003}
		{5CA1542D-10EE-427D-A7B2-A9A3FE6251BA} = {5CA1542D-10EE-427D-A7B2-A9A3FE6251BA}
		{0E6ED976-E876-4E46-B086-B0A914335C14} = {0E6ED976-E876-4E46-B086-B0A914335C14}
	EndProjectSection
EndProject
Project("{8BC9CEB8-8B4A-11D0-8D11-00A0C91BC942}") = "XPFace", "XPFace\Src\XPFace.vcproj", "{0E6ED976-E876-4E46-B086-B0A914335C14}"
EndProject
Project("{8BC9CEB8-8B4A-11D0-8D11-00A0C91BC942}") = "profuisdll", "ProfUIS\profuisdll\profuisdll.vcproj", "{A33E346C-D5D7-4D58-95DF-0E9674B9D26E}"
EndProject
Project("{8BC9CEB8-8B4A-11D0-8D11-00A0C91BC942}") = "GuiLib", "GuiLib2\GuiLib\GuiLib.vcproj", "{A23AFA67-8AA4-4512-9D7F-08C41085BF28}"
EndProject
Global
	GlobalSection(SolutionConfigurationPlatforms) = preSolution
		Debug Unicode|Win32 = Debug Unicode|Win32
		Debug|Win32 = Debug|Win32
		Release Unicode|Win32 = Release Unicode|Win32
		Release|Win32 = Release|Win32
	EndGlobalSection
	GlobalSection(ProjectConfigurationPlatforms) = postSolution
		{176BAB1D-7A97-48A2-A431-C687E01B1D49}.Debug Unicode|Win32.ActiveCfg = Debug|Win32
		{176BAB1D-7A97-48A2-A431-C687E01B1D49}.Debug Unicode|Win32.Build.0 = Debug|Win32
		{176BAB1D-7A97-48A2-A431-C687E01B1D49}.Debug|Win32.ActiveCfg = Debug|Win32
		{176BAB1D-7A97-48A2-A431-C687E01B1D49}.Debug|Win32.Build.0 = Debug|Win32
		{176BAB1D-7A97-48A2-A431-C687E01B1D49}.Release Unicode|Win32.ActiveCfg = Release|Win32
		{176BAB1D-7A97-48A2-A431-C687E01B1D49}.Release Unicode|Win32.Build.0 = Release|Win32
		{176BAB1D-7A97-48A2-A431-C687E01B1D49}.Release|Win32.ActiveCfg = Release|Win32
		{176BAB1D-7A97-48A2-A431-C687E01B1D49}.Release|Win32.Build.0 = Release|Win32
		{19283E59-3CF7-4931-BCB6-2B793DAE8003}.Debug Unicode|Win32.ActiveCfg = Debug|Win32
		{19283E59-3CF7-4931-BCB6-2B793DAE8003}.Debug Unicode|Win32.Build.0 = Debug|Win32
		{19283E59-3CF7-4931-BCB6-2B793DAE8003}.Debug|Win32.ActiveCfg = Debug|Win32
		{19283E59-3CF7-4931-BCB6-2B793DAE8003}.Debug|Win32.Build.0 = Debug|Win32
		{19283E59-3CF7-4931-BCB6-2B793DAE8003}.Release Unicode|Win32.ActiveCfg = Release|Win32
		{19283E59-3CF7-4931-BCB6-2B793DAE8003}.Release Unicode|Win32.Build.0 = Release|Win32
		{19283E59-3CF7-4931-BCB6-2B793DAE8003}.Release|Win32.ActiveCfg = Release|Win32
		{19283E59-3CF7-4931-BCB6-2B793DAE8003}.Release|Win32.Build.0 = Release|Win32
		{5CA1542D-10EE-427D-A7B2-A9A3FE6251BA}.Debug Unicode|Win32.ActiveCfg = Debug|Win32
		{5CA1542D-10EE-427D-A7B2-A9A3FE6251BA}.Debug Unicode|Win32.Build.0 = Debug|Win32
		{5CA1542D-10EE-427D-A7B2-A9A3FE6251BA}.Debug|Win32.ActiveCfg = Debug|Win32
		{5CA1542D-10EE-427D-A7B2-A9A3FE6251BA}.Debug|Win32.Build.0 = Debug|Win32
		{5CA1542D-10EE-427D-A7B2-A9A3FE6251BA}.Release Unicode|Win32.ActiveCfg = Release|Win32
		{5CA1542D-10EE-427D-A7B2-A9A3FE6251BA}.Release Unicode|Win32.Build.0 = Release|Win32
		{5CA1542D-10EE-427D-A7B2-A9A3FE6251BA}.Release|Win32.ActiveCfg = Release|Win32
		{5CA1542D-10EE-427D-A7B2-A9A3FE6251BA}.Release|Win32.Build.0 = Release|Win32
		{6E08C1A6-C42A-494D-B12C-A79F3B8D7965}.Debug Unicode|Win32.ActiveCfg = Debug|Win32
		{6E08C1A6-C42A-494D-B12C-A79F3B8D7965}.Debug Unicode|Win32.Build.0 = Debug|Win32
		{6E08C1A6-C42A-494D-B12C-A79F3B8D7965}.Debug|Win32.ActiveCfg = Debug|Win32
		{6E08C1A6-C42A-494D-B12C-A79F3B8D7965}.Debug|Win32.Build.0 = Debug|Win32
		{6E08C1A6-C42A-494D-B12C-A79F3B8D7965}.Release Unicode|Win32.ActiveCfg = Release|Win32
		{6E08C1A6-C42A-494D-B12C-A79F3B8D7965}.Release Unicode|Win32.Build.0 = Release|Win32
		{6E08C1A6-C42A-494D-B12C-A79F3B8D7965}.Release|Win32.ActiveCfg = Release|Win32
		{6E08C1A6-C42A-494D-B12C-A79F3B8D7965}.Release|Win32.Build.0 = Release|Win32
		{0F04F780-956B-423F-B91B-974185F6054D}.Debug Unicode|Win32.ActiveCfg = Debug|Win32
		{0F04F780-956B-423F-B91B-974185F6054D}.Debug Unicode|Win32.Build.0 = Debug|Win32
		{0F04F780-956B-423F-B91B-974185F6054D}.Debug|Win32.ActiveCfg = Debug|Win32
		{0F04F780-956B-423F-B91B-974185F6054D}.Debug|Win32.Build.0 = Debug|Win32
		{0F04F780-956B-423F-B91B-974185F6054D}.Release Unicode|Win32.ActiveCfg = Release|Win32
		{0F04F780-956B-423F-B91B-974185F6054D}.Release Unicode|Win32.Build.0 = Release|Win32
		{0F04F780-956B-423F-B91B-974185F6054D}.Release|Win32.ActiveCfg = Release|Win32
		{0F04F780-956B-423F-B91B-974185F6054D}.Release|Win32.Build.0 = Release|Win32
		{45A0712A-A7EE-4EDB-9DF1-6246A7AA4529}.Debug Unicode|Win32.ActiveCfg = Debug|Win32
		{45A0712A-A7EE-4EDB-9DF1-6246A7AA4529}.Debug Unicode|Win32.Build.0 = Debug|Win32
		{45A0712A-A7EE-4EDB-9DF1-6246A7AA4529}.Debug|Win32.ActiveCfg = Debug|Win32
		{45A0712A-A7EE-4EDB-9DF1-6246A7AA4529}.Debug|Win32.Build.0 = Debug|Win32
		{45A0712A-A7EE-4EDB-9DF1-6246A7AA4529}.Release Unicode|Win32.ActiveCfg = Release|Win32
		{45A0712A-A7EE-4EDB-9DF1-6246A7AA4529}.Release Unicode|Win32.Build.0 = Release|Win32
		{45A0712A-A7EE-4EDB-9DF1-6246A7AA4529}.Release|Win32.ActiveCfg = Release|Win32
		{45A0712A-A7EE-4EDB-9DF1-6246A7AA4529}.Release|Win32.Build.0 = Release|Win32
		{0E6ED976-E876-4E46-B086-B0A914335C14}.Debug Unicode|Win32.ActiveCfg = Debug|Win32
		{0E6ED976-E876-4E46-B086-B0A914335C14}.Debug Unicode|Win32.Build.0 = Debug|Win32
		{0E6ED976-E876-4E46-B086-B0A914335C14}.Debug|Win32.ActiveCfg = Debug|Win32
		{0E6ED976-E876-4E46-B086-B0A914335C14}.Debug|Win32.Build.0 = Debug|Win32
		{0E6ED976-E876-4E46-B086-B0A914335C14}.Release Unicode|Win32.ActiveCfg = Release|Win32
		{0E6ED976-E876-4E46-B086-B0A914335C14}.Release Unicode|Win32.Build.0 = Release|Win32
		{0E6ED976-E876-4E46-B086-B0A914335C14}.Release|Win32.ActiveCfg = Release|Win32
		{0E6ED976-E876-4E46-B086-B0A914335C14}.Release|Win32.Build.0 = Release|Win32
		{A33E346C-D5D7-4D58-95DF-0E9674B9D26E}.Debug Unicode|Win32.ActiveCfg = Debug|Win32
		{A33E346C-D5D7-4D58-95DF-0E9674B9D26E}.Debug Unicode|Win32.Build.0 = Debug|Win32
		{A33E346C-D5D7-4D58-95DF-0E9674B9D26E}.Debug|Win32.ActiveCfg = Debug|Win32
		{A33E346C-D5D7-4D58-95DF-0E9674B9D26E}.Debug|Win32.Build.0 = Debug|Win32
		{A33E346C-D5D7-4D58-95DF-0E9674B9D26E}.Release Unicode|Win32.ActiveCfg = Release|Win32
		{A33E346C-D5D7-4D58-95DF-0E9674B9D26E}.Release Unicode|Win32.Build.0 = Release|Win32
		{A33E346C-D5D7-4D58-95DF-0E9674B9D26E}.Release|Win32.ActiveCfg = Release|Win32
		{A33E346C-D5D7-4D58-95DF-0E9674B9D26E}.Release|Win32.Build.0 = Release|Win32
		{A23AFA67-8AA4-4512-9D7F-08C41085BF28}.Debug Unicode|Win32.ActiveCfg = Debug Unicode|Win32
		{A23AFA67-8AA4-4512-9D7F-08C41085BF28}.Debug Unicode|Win32.Build.0 = Debug Unicode|Win32
		{A23AFA67-8AA4-4512-9D7F-08C41085BF28}.Debug|Win32.ActiveCfg = Debug|Win32
		{A23AFA67-8AA4-4512-9D7F-08C41085BF28}.Debug|Win32.Build.0 = Debug|Win32
		{A23AFA67-8AA4-4512-9D7F-08C41085BF28}.Release Unicode|Win32.ActiveCfg = Release Unicode|Win32
		{A23AFA67-8AA4-4512-9D7F-08C41085BF28}.Release Unicode|Win32.Build.0 = Release Unicode|Win32
		{A23AFA67-8AA4-4512-9D7F-08C41085BF28}.Release|Win32.ActiveCfg = Release|Win32
		{A23AFA67-8AA4-4512-9D7F-08C41085BF28}.Release|Win32.Build.0 = Release|Win32
	EndGlobalSection
	GlobalSection(SolutionProperties) = preSolution
		HideSolutionNode = FALSE
	EndGlobalSection
EndGlobal
