<?xml version="1.0" encoding="utf-8"?>
<Project ToolsVersion="4.0" xmlns="http://schemas.microsoft.com/developer/msbuild/2003">
  <ItemGroup>
    <Filter Include="Source Files">
      <UniqueIdentifier>{62bdddac-6cfc-4047-8466-8409c1e97d80}</UniqueIdentifier>
      <Extensions>cpp;c;cxx;rc;def;r;odl;idl;hpj;bat</Extensions>
    </Filter>
    <Filter Include="Header Files">
      <UniqueIdentifier>{0e442546-456b-4a8d-ac24-0d8aba4ab9a6}</UniqueIdentifier>
      <Extensions>h;hpp;hxx;hm;inl</Extensions>
    </Filter>
    <Filter Include="Resource Files">
      <UniqueIdentifier>{fbae9d07-a2ac-4b6f-ab0b-cbb1f2c6bd88}</UniqueIdentifier>
      <Extensions>ico;cur;bmp;dlg;rc2;rct;bin;rgs;gif;jpg;jpeg;jpe</Extensions>
    </Filter>
  </ItemGroup>
  <ItemGroup>
    <ClCompile Include="CoolMenu.cpp">
      <Filter>Source Files</Filter>
    </ClCompile>
    <ClCompile Include="GuiADODB.cpp">
      <Filter>Source Files</Filter>
    </ClCompile>
    <ClCompile Include="GuiButton.cpp">
      <Filter>Source Files</Filter>
    </ClCompile>
    <ClCompile Include="GuiCapOutBar.cpp">
      <Filter>Source Files</Filter>
    </ClCompile>
    <ClCompile Include="GuicheckBox.cpp">
      <Filter>Source Files</Filter>
    </ClCompile>
    <ClCompile Include="GuiComboBoxExt.cpp">
      <Filter>Source Files</Filter>
    </ClCompile>
    <ClCompile Include="GuiComboFont.cpp">
      <Filter>Source Files</Filter>
    </ClCompile>
    <ClCompile Include="GuiContainer.cpp">
      <Filter>Source Files</Filter>
    </ClCompile>
    <ClCompile Include="GuiControlBar.cpp">
      <Filter>Source Files</Filter>
    </ClCompile>
    <ClCompile Include="GuiDocBarExten.cpp">
      <Filter>Source Files</Filter>
    </ClCompile>
    <ClCompile Include="GuiDockContext.cpp">
      <Filter>Source Files</Filter>
    </ClCompile>
    <ClCompile Include="GuiDockToolBar.cpp">
      <Filter>Source Files</Filter>
    </ClCompile>
    <ClCompile Include="GuiDocSpecial.cpp">
      <Filter>Source Files</Filter>
    </ClCompile>
    <ClCompile Include="GuiDrawLayer.cpp">
      <Filter>Source Files</Filter>
    </ClCompile>
    <ClCompile Include="GuiDropDownEdit.cpp">
      <Filter>Source Files</Filter>
    </ClCompile>
    <ClCompile Include="GuiEdit.cpp">
      <Filter>Source Files</Filter>
    </ClCompile>
    <ClCompile Include="GuiFDir.cpp">
      <Filter>Source Files</Filter>
    </ClCompile>
    <ClCompile Include="GuiFile.cpp">
      <Filter>Source Files</Filter>
    </ClCompile>
    <ClCompile Include="GuiFolder.cpp">
      <Filter>Source Files</Filter>
    </ClCompile>
    <ClCompile Include="GuiFrameWnd.cpp">
      <Filter>Source Files</Filter>
    </ClCompile>
    <ClCompile Include="GuiGroupBox.cpp">
      <Filter>Source Files</Filter>
    </ClCompile>
    <ClCompile Include="GuiHeaderCtrl.cpp">
      <Filter>Source Files</Filter>
    </ClCompile>
    <ClCompile Include="GuiImageLinkButton.cpp">
      <Filter>Source Files</Filter>
    </ClCompile>
    <ClCompile Include="GuiLabelButton.cpp">
      <Filter>Source Files</Filter>
    </ClCompile>
    <ClCompile Include="GuiLib.cpp">
      <Filter>Source Files</Filter>
    </ClCompile>
    <ClCompile Include="GuiLinkButton.cpp">
      <Filter>Source Files</Filter>
    </ClCompile>
    <ClCompile Include="GuiListEdit.cpp">
      <Filter>Source Files</Filter>
    </ClCompile>
    <ClCompile Include="GuiMDIFrame.cpp">
      <Filter>Source Files</Filter>
    </ClCompile>
    <ClCompile Include="GuiMDITabbed.cpp">
      <Filter>Source Files</Filter>
    </ClCompile>
    <ClCompile Include="GuiMiniSplitter.cpp">
      <Filter>Source Files</Filter>
    </ClCompile>
    <ClCompile Include="GuiMiniTool.cpp">
      <Filter>Source Files</Filter>
    </ClCompile>
    <ClCompile Include="GuiNormalButton.cpp">
      <Filter>Source Files</Filter>
    </ClCompile>
    <ClCompile Include="GuiOfficeBar.cpp">
      <Filter>Source Files</Filter>
    </ClCompile>
    <ClCompile Include="GuiOutLook.cpp">
      <Filter>Source Files</Filter>
    </ClCompile>
    <ClCompile Include="GuiOutLookView.cpp">
      <Filter>Source Files</Filter>
    </ClCompile>
    <ClCompile Include="GuiPanelAccess.cpp">
      <Filter>Source Files</Filter>
    </ClCompile>
    <ClCompile Include="GuiPowerPointView.cpp">
      <Filter>Source Files</Filter>
    </ClCompile>
    <ClCompile Include="GuiRadioButton.cpp">
      <Filter>Source Files</Filter>
    </ClCompile>
    <ClCompile Include="GuiSliderCtrl.cpp">
      <Filter>Source Files</Filter>
    </ClCompile>
    <ClCompile Include="GuiSplitter.cpp">
      <Filter>Source Files</Filter>
    </ClCompile>
    <ClCompile Include="GuiSplitterWnd.cpp">
      <Filter>Source Files</Filter>
    </ClCompile>
    <ClCompile Include="GuiStaticStandar.cpp">
      <Filter>Source Files</Filter>
    </ClCompile>
    <ClCompile Include="GuiStatusBar.cpp">
      <Filter>Source Files</Filter>
    </ClCompile>
    <ClCompile Include="GuiSysTray.cpp">
      <Filter>Source Files</Filter>
    </ClCompile>
    <ClCompile Include="GuiTabbed.cpp">
      <Filter>Source Files</Filter>
    </ClCompile>
    <ClCompile Include="GuiTabPowerPoint.cpp">
      <Filter>Source Files</Filter>
    </ClCompile>
    <ClCompile Include="GuiTabWnd.cpp">
      <Filter>Source Files</Filter>
    </ClCompile>
    <ClCompile Include="GuiToolBarWnd.cpp">
      <Filter>Source Files</Filter>
    </ClCompile>
    <ClCompile Include="GuiToolButton.cpp">
      <Filter>Source Files</Filter>
    </ClCompile>
    <ClCompile Include="GuiVisioFolder.cpp">
      <Filter>Source Files</Filter>
    </ClCompile>
    <ClCompile Include="GuiWorkPanel.cpp">
      <Filter>Source Files</Filter>
    </ClCompile>
    <ClCompile Include="GuiWorkTab.cpp">
      <Filter>Source Files</Filter>
    </ClCompile>
    <ClCompile Include="MenuBar.cpp">
      <Filter>Source Files</Filter>
    </ClCompile>
    <ClCompile Include="NewMenu.cpp">
      <Filter>Source Files</Filter>
    </ClCompile>
    <ClCompile Include="StdAfx.cpp">
      <Filter>Source Files</Filter>
    </ClCompile>
    <ClCompile Include="Subclass.cpp">
      <Filter>Source Files</Filter>
    </ClCompile>
  </ItemGroup>
  <ItemGroup>
    <None Include="GuiLib.def">
      <Filter>Source Files</Filter>
    </None>
    <None Include="bitmap1.bmp">
      <Filter>Resource Files</Filter>
    </None>
    <None Include="bitmap2.bmp">
      <Filter>Resource Files</Filter>
    </None>
    <None Include="bitmap3.bmp">
      <Filter>Resource Files</Filter>
    </None>
    <None Include="bitmap4.bmp">
      <Filter>Resource Files</Filter>
    </None>
    <None Include="bitradio.bmp">
      <Filter>Resource Files</Filter>
    </None>
    <None Include="bmp00001.bmp">
      <Filter>Resource Files</Filter>
    </None>
    <None Include="DockOffice.bmp">
      <Filter>Resource Files</Filter>
    </None>
    <None Include="res\GuiLib.rc2">
      <Filter>Resource Files</Filter>
    </None>
    <None Include="ico00001.ico">
      <Filter>Resource Files</Filter>
    </None>
    <None Include="icon1.ico">
      <Filter>Resource Files</Filter>
    </None>
    <None Include="idc_hand.ico">
      <Filter>Resource Files</Filter>
    </None>
    <None Include="ReadMe.txt" />
  </ItemGroup>
  <ItemGroup>
    <ResourceCompile Include="GuiLib.rc">
      <Filter>Source Files</Filter>
    </ResourceCompile>
  </ItemGroup>
  <ItemGroup>
    <ClInclude Include="..\Header\CBaseTab.h">
      <Filter>Header Files</Filter>
    </ClInclude>
    <ClInclude Include="..\Header\CoolMenu.h">
      <Filter>Header Files</Filter>
    </ClInclude>
    <ClInclude Include="..\Header\ExtLib.h">
      <Filter>Header Files</Filter>
    </ClInclude>
    <ClInclude Include="..\Header\GuiADODB.h">
      <Filter>Header Files</Filter>
    </ClInclude>
    <ClInclude Include="..\Header\GuiBaseTab.h">
      <Filter>Header Files</Filter>
    </ClInclude>
    <ClInclude Include="..\Header\GuiButton.h">
      <Filter>Header Files</Filter>
    </ClInclude>
    <ClInclude Include="..\Header\GuiCapOutBar.h">
      <Filter>Header Files</Filter>
    </ClInclude>
    <ClInclude Include="..\Header\GuicheckBox.h">
      <Filter>Header Files</Filter>
    </ClInclude>
    <ClInclude Include="..\Header\GuiColors.h">
      <Filter>Header Files</Filter>
    </ClInclude>
    <ClInclude Include="..\Header\GuiComboBoxExt.h">
      <Filter>Header Files</Filter>
    </ClInclude>
    <ClInclude Include="..\Header\GuiComboFont.h">
      <Filter>Header Files</Filter>
    </ClInclude>
    <ClInclude Include="..\Header\GuiContainer.h">
      <Filter>Header Files</Filter>
    </ClInclude>
    <ClInclude Include="..\Header\GuiControlBar.h">
      <Filter>Header Files</Filter>
    </ClInclude>
    <ClInclude Include="..\Header\GuiDocBarExten.h">
      <Filter>Header Files</Filter>
    </ClInclude>
    <ClInclude Include="..\Header\GuiDockContext.h">
      <Filter>Header Files</Filter>
    </ClInclude>
    <ClInclude Include="..\Header\GuiDockToolBar.h">
      <Filter>Header Files</Filter>
    </ClInclude>
    <ClInclude Include="..\Header\GuiDocSpecial.h">
      <Filter>Header Files</Filter>
    </ClInclude>
    <ClInclude Include="..\Header\GuiDrawLayer.h">
      <Filter>Header Files</Filter>
    </ClInclude>
    <ClInclude Include="..\Header\GuiDropDownEdit.h">
      <Filter>Header Files</Filter>
    </ClInclude>
    <ClInclude Include="..\Header\GuiEdit.h">
      <Filter>Header Files</Filter>
    </ClInclude>
    <ClInclude Include="..\Header\GuiFDir.h">
      <Filter>Header Files</Filter>
    </ClInclude>
    <ClInclude Include="..\Header\GuiFile.h">
      <Filter>Header Files</Filter>
    </ClInclude>
    <ClInclude Include="..\Header\GuiFolder.h">
      <Filter>Header Files</Filter>
    </ClInclude>
    <ClInclude Include="..\Header\GuiFrameWnd.h">
      <Filter>Header Files</Filter>
    </ClInclude>
    <ClInclude Include="..\Header\GuiGroupBox.h">
      <Filter>Header Files</Filter>
    </ClInclude>
    <ClInclude Include="..\Header\GuiHeaderCtrl.h">
      <Filter>Header Files</Filter>
    </ClInclude>
    <ClInclude Include="..\Header\GuiImageLinkButton.h">
      <Filter>Header Files</Filter>
    </ClInclude>
    <ClInclude Include="..\Header\GuiLabelButton.h">
      <Filter>Header Files</Filter>
    </ClInclude>
    <ClInclude Include="..\Header\GuiLib.h">
      <Filter>Header Files</Filter>
    </ClInclude>
    <ClInclude Include="..\Header\GuiLinkButton.h">
      <Filter>Header Files</Filter>
    </ClInclude>
    <ClInclude Include="..\Header\GuiListEdit.h">
      <Filter>Header Files</Filter>
    </ClInclude>
    <ClInclude Include="..\Header\GuiMDIFrame.h">
      <Filter>Header Files</Filter>
    </ClInclude>
    <ClInclude Include="..\Header\GuiMDITabbed.h">
      <Filter>Header Files</Filter>
    </ClInclude>
    <ClInclude Include="..\Header\GuiMiniSplitter.h">
      <Filter>Header Files</Filter>
    </ClInclude>
    <ClInclude Include="..\Header\GuiMiniTool.h">
      <Filter>Header Files</Filter>
    </ClInclude>
    <ClInclude Include="..\Header\GuiNormalButton.h">
      <Filter>Header Files</Filter>
    </ClInclude>
    <ClInclude Include="..\Header\GuiOfficeBar.h">
      <Filter>Header Files</Filter>
    </ClInclude>
    <ClInclude Include="..\Header\GuiOutLook.h">
      <Filter>Header Files</Filter>
    </ClInclude>
    <ClInclude Include="..\Header\GuiOutLookView.h">
      <Filter>Header Files</Filter>
    </ClInclude>
    <ClInclude Include="..\Header\GuiPanelAccess.h">
      <Filter>Header Files</Filter>
    </ClInclude>
    <ClInclude Include="..\Header\GuiPowerPointView.h">
      <Filter>Header Files</Filter>
    </ClInclude>
    <ClInclude Include="..\Header\GuiRadioButton.h">
      <Filter>Header Files</Filter>
    </ClInclude>
    <ClInclude Include="..\Header\GuiSliderCtrl.h">
      <Filter>Header Files</Filter>
    </ClInclude>
    <ClInclude Include="..\Header\GuiSplitter.h">
      <Filter>Header Files</Filter>
    </ClInclude>
    <ClInclude Include="..\Header\GuiSplitterWnd.h">
      <Filter>Header Files</Filter>
    </ClInclude>
    <ClInclude Include="..\Header\GuiStaticStandar.h">
      <Filter>Header Files</Filter>
    </ClInclude>
    <ClInclude Include="..\Header\GuiStatusBar.h">
      <Filter>Header Files</Filter>
    </ClInclude>
    <ClInclude Include="..\Header\GuiSysTray.h">
      <Filter>Header Files</Filter>
    </ClInclude>
    <ClInclude Include="..\Header\GuiTabbed.h">
      <Filter>Header Files</Filter>
    </ClInclude>
    <ClInclude Include="..\Header\GuiTabPowerPoint.h">
      <Filter>Header Files</Filter>
    </ClInclude>
    <ClInclude Include="..\Header\GuiTabWnd.h">
      <Filter>Header Files</Filter>
    </ClInclude>
    <ClInclude Include="..\Header\GuiToolBarWnd.h">
      <Filter>Header Files</Filter>
    </ClInclude>
    <ClInclude Include="..\Header\GuiToolButton.h">
      <Filter>Header Files</Filter>
    </ClInclude>
    <ClInclude Include="..\Header\GuiVisioFolder.h">
      <Filter>Header Files</Filter>
    </ClInclude>
    <ClInclude Include="..\Header\GuiWorkPanel.h">
      <Filter>Header Files</Filter>
    </ClInclude>
    <ClInclude Include="..\Header\GuiWorkTab.h">
      <Filter>Header Files</Filter>
    </ClInclude>
    <ClInclude Include="..\Header\MenuBar.h">
      <Filter>Header Files</Filter>
    </ClInclude>
    <ClInclude Include="..\Header\NewMenu.h">
      <Filter>Header Files</Filter>
    </ClInclude>
    <ClInclude Include="Resource.h">
      <Filter>Header Files</Filter>
    </ClInclude>
    <ClInclude Include="StdAfx.h">
      <Filter>Header Files</Filter>
    </ClInclude>
    <ClInclude Include="..\Header\Subclass.h">
      <Filter>Header Files</Filter>
    </ClInclude>
  </ItemGroup>
</Project>