
Microsoft Visual Studio Solution File, Format Version 9.00
# Visual Studio 2005
Project("{8BC9CEB8-8B4A-11D0-8D11-00A0C91BC942}") = "GuiLib", "GUILib\GuiLib\GuiLib.vcproj", "{6F58C5BF-0608-4C4E-AF49-7AE78ECFDD64}"
EndProject
Project("{8BC9CEB8-8B4A-11D0-8D11-00A0C91BC942}") = "NetTS", "NetTS\NetTS.vcproj", "{C99FEB74-A700-49CA-8E01-FB41BCBBF933}"
EndProject
Project("{8BC9CEB8-8B4A-11D0-8D11-00A0C91BC942}") = "StkLib", "StkLib\Src\StkLib.vcproj", "{485DCFF8-E248-4B3F-98B9-62F5C88E6589}"
EndProject
Project("{8BC9CEB8-8B4A-11D0-8D11-00A0C91BC942}") = "StkNet", "StkNet\Src\StkNet.vcproj", "{4D399A35-E4A9-47E3-94D3-D9669DEBF098}"
	ProjectSection(ProjectDependencies) = postProject
		{485DCFF8-E248-4B3F-98B9-62F5C88E6589} = {485DCFF8-E248-4B3F-98B9-62F5C88E6589}
		{6F58C5BF-0608-4C4E-AF49-7AE78ECFDD64} = {6F58C5BF-0608-4C4E-AF49-7AE78ECFDD64}
	EndProjectSection
EndProject
Project("{8BC9CEB8-8B4A-11D0-8D11-00A0C91BC942}") = "StkTech", "StkTech\StkTech.vcproj", "{59C4B663-DC0C-4732-96B9-B09DF5852F41}"
EndProject
Project("{8BC9CEB8-8B4A-11D0-8D11-00A0C91BC942}") = "StkUI", "StkUI\StkUI.vcproj", "{5ECA5CDD-C311-4EEF-B0EC-8114FE718772}"
	ProjectSection(ProjectDependencies) = postProject
		{6F58C5BF-0608-4C4E-AF49-7AE78ECFDD64} = {6F58C5BF-0608-4C4E-AF49-7AE78ECFDD64}
		{BDCFEB28-3F56-4E76-9ECA-20D638D5C2E6} = {BDCFEB28-3F56-4E76-9ECA-20D638D5C2E6}
		{485DCFF8-E248-4B3F-98B9-62F5C88E6589} = {485DCFF8-E248-4B3F-98B9-62F5C88E6589}
		{4D399A35-E4A9-47E3-94D3-D9669DEBF098} = {4D399A35-E4A9-47E3-94D3-D9669DEBF098}
		{A3E514A1-9518-4283-9DE3-5397F97F2A7F} = {A3E514A1-9518-4283-9DE3-5397F97F2A7F}
		{C99FEB74-A700-49CA-8E01-FB41BCBBF933} = {C99FEB74-A700-49CA-8E01-FB41BCBBF933}
	EndProjectSection
EndProject
Project("{8BC9CEB8-8B4A-11D0-8D11-00A0C91BC942}") = "Tools", "Tools\Tools.vcproj", "{D2C1296B-55CD-479C-AF11-8EA307CB59CB}"
	ProjectSection(ProjectDependencies) = postProject
		{6F58C5BF-0608-4C4E-AF49-7AE78ECFDD64} = {6F58C5BF-0608-4C4E-AF49-7AE78ECFDD64}
		{485DCFF8-E248-4B3F-98B9-62F5C88E6589} = {485DCFF8-E248-4B3F-98B9-62F5C88E6589}
		{4D399A35-E4A9-47E3-94D3-D9669DEBF098} = {4D399A35-E4A9-47E3-94D3-D9669DEBF098}
		{A3E514A1-9518-4283-9DE3-5397F97F2A7F} = {A3E514A1-9518-4283-9DE3-5397F97F2A7F}
	EndProjectSection
EndProject
Project("{8BC9CEB8-8B4A-11D0-8D11-00A0C91BC942}") = "XPFace", "XPFace\Src\XPFace.vcproj", "{A3E514A1-9518-4283-9DE3-5397F97F2A7F}"
	ProjectSection(ProjectDependencies) = postProject
		{6F58C5BF-0608-4C4E-AF49-7AE78ECFDD64} = {6F58C5BF-0608-4C4E-AF49-7AE78ECFDD64}
	EndProjectSection
EndProject
Project("{8BC9CEB8-8B4A-11D0-8D11-00A0C91BC942}") = "profuisdll", "ProfUIS\profuisdll\profuisdll.vcproj", "{BDCFEB28-3F56-4E76-9ECA-20D638D5C2E6}"
EndProject
Global
	GlobalSection(SolutionConfigurationPlatforms) = preSolution
		Debug|Win32 = Debug|Win32
		Release|Win32 = Release|Win32
	EndGlobalSection
	GlobalSection(ProjectConfigurationPlatforms) = postSolution
		{6F58C5BF-0608-4C4E-AF49-7AE78ECFDD64}.Debug|Win32.ActiveCfg = Debug|Win32
		{6F58C5BF-0608-4C4E-AF49-7AE78ECFDD64}.Debug|Win32.Build.0 = Debug|Win32
		{6F58C5BF-0608-4C4E-AF49-7AE78ECFDD64}.Release|Win32.ActiveCfg = Release|Win32
		{6F58C5BF-0608-4C4E-AF49-7AE78ECFDD64}.Release|Win32.Build.0 = Release|Win32
		{C99FEB74-A700-49CA-8E01-FB41BCBBF933}.Debug|Win32.ActiveCfg = Debug|Win32
		{C99FEB74-A700-49CA-8E01-FB41BCBBF933}.Debug|Win32.Build.0 = Debug|Win32
		{C99FEB74-A700-49CA-8E01-FB41BCBBF933}.Release|Win32.ActiveCfg = Release|Win32
		{C99FEB74-A700-49CA-8E01-FB41BCBBF933}.Release|Win32.Build.0 = Release|Win32
		{485DCFF8-E248-4B3F-98B9-62F5C88E6589}.Debug|Win32.ActiveCfg = Debug|Win32
		{485DCFF8-E248-4B3F-98B9-62F5C88E6589}.Debug|Win32.Build.0 = Debug|Win32
		{485DCFF8-E248-4B3F-98B9-62F5C88E6589}.Release|Win32.ActiveCfg = Release|Win32
		{485DCFF8-E248-4B3F-98B9-62F5C88E6589}.Release|Win32.Build.0 = Release|Win32
		{4D399A35-E4A9-47E3-94D3-D9669DEBF098}.Debug|Win32.ActiveCfg = Debug|Win32
		{4D399A35-E4A9-47E3-94D3-D9669DEBF098}.Debug|Win32.Build.0 = Debug|Win32
		{4D399A35-E4A9-47E3-94D3-D9669DEBF098}.Release|Win32.ActiveCfg = Release|Win32
		{4D399A35-E4A9-47E3-94D3-D9669DEBF098}.Release|Win32.Build.0 = Release|Win32
		{59C4B663-DC0C-4732-96B9-B09DF5852F41}.Debug|Win32.ActiveCfg = Debug|Win32
		{59C4B663-DC0C-4732-96B9-B09DF5852F41}.Debug|Win32.Build.0 = Debug|Win32
		{59C4B663-DC0C-4732-96B9-B09DF5852F41}.Release|Win32.ActiveCfg = Release|Win32
		{59C4B663-DC0C-4732-96B9-B09DF5852F41}.Release|Win32.Build.0 = Release|Win32
		{5ECA5CDD-C311-4EEF-B0EC-8114FE718772}.Debug|Win32.ActiveCfg = Debug|Win32
		{5ECA5CDD-C311-4EEF-B0EC-8114FE718772}.Debug|Win32.Build.0 = Debug|Win32
		{5ECA5CDD-C311-4EEF-B0EC-8114FE718772}.Release|Win32.ActiveCfg = Release|Win32
		{5ECA5CDD-C311-4EEF-B0EC-8114FE718772}.Release|Win32.Build.0 = Release|Win32
		{D2C1296B-55CD-479C-AF11-8EA307CB59CB}.Debug|Win32.ActiveCfg = Debug|Win32
		{D2C1296B-55CD-479C-AF11-8EA307CB59CB}.Debug|Win32.Build.0 = Debug|Win32
		{D2C1296B-55CD-479C-AF11-8EA307CB59CB}.Release|Win32.ActiveCfg = Release|Win32
		{D2C1296B-55CD-479C-AF11-8EA307CB59CB}.Release|Win32.Build.0 = Release|Win32
		{A3E514A1-9518-4283-9DE3-5397F97F2A7F}.Debug|Win32.ActiveCfg = Debug|Win32
		{A3E514A1-9518-4283-9DE3-5397F97F2A7F}.Debug|Win32.Build.0 = Debug|Win32
		{A3E514A1-9518-4283-9DE3-5397F97F2A7F}.Release|Win32.ActiveCfg = Release|Win32
		{A3E514A1-9518-4283-9DE3-5397F97F2A7F}.Release|Win32.Build.0 = Release|Win32
		{BDCFEB28-3F56-4E76-9ECA-20D638D5C2E6}.Debug|Win32.ActiveCfg = Debug|Win32
		{BDCFEB28-3F56-4E76-9ECA-20D638D5C2E6}.Debug|Win32.Build.0 = Debug|Win32
		{BDCFEB28-3F56-4E76-9ECA-20D638D5C2E6}.Release|Win32.ActiveCfg = Release|Win32
		{BDCFEB28-3F56-4E76-9ECA-20D638D5C2E6}.Release|Win32.Build.0 = Release|Win32
	EndGlobalSection
	GlobalSection(SolutionProperties) = preSolution
		HideSolutionNode = FALSE
	EndGlobalSection
EndGlobal
