Microsoft Visual Studio Solution File, Format Version 10.00
# Visual Studio 2008
Project("{8BC9CEB8-8B4A-11D0-8D11-00A0C91BC942}") = "CGuiAccess", "Samples\CGuiAccess\CGuiAccess.vcproj", "{25111AAF-F488-4297-8A98-8BF95740AEA9}"
	ProjectSection(ProjectDependencies) = postProject
		{A23AFA67-8AA4-4512-9D7F-08C41085BF28} = {A23AFA67-8AA4-4512-9D7F-08C41085BF28}
	EndProjectSection
EndProject
Project("{8BC9CEB8-8B4A-11D0-8D11-00A0C91BC942}") = "CGuiFlatTabbedView", "Samples\CGuiFlatTabbedView\CGuiFlatTabbedView.vcproj", "{ADC1C278-CA7D-4155-ACFC-0090BFDF5A8D}"
	ProjectSection(ProjectDependencies) = postProject
		{A23AFA67-8AA4-4512-9D7F-08C41085BF28} = {A23AFA67-8AA4-4512-9D7F-08C41085BF28}
	EndProjectSection
EndProject
Project("{8BC9CEB8-8B4A-11D0-8D11-00A0C91BC942}") = "CGuiOfficeDemo", "Samples\CGuiOfficeDemo\CGuiOfficeDemo.vcproj", "{98F09C8A-F6A7-4051-82C2-AF7653903FA7}"
	ProjectSection(ProjectDependencies) = postProject
		{A23AFA67-8AA4-4512-9D7F-08C41085BF28} = {A23AFA67-8AA4-4512-9D7F-08C41085BF28}
	EndProjectSection
EndProject
Project("{8BC9CEB8-8B4A-11D0-8D11-00A0C91BC942}") = "GuiAdoTest", "Samples\GuiAdoTest\GuiAdoTest.vcproj", "{5C1484FC-7DF8-40E5-BF35-68B02B902F26}"
EndProject
Project("{8BC9CEB8-8B4A-11D0-8D11-00A0C91BC942}") = "GuiLib", "GuiLib\GuiLib.vcproj", "{A23AFA67-8AA4-4512-9D7F-08C41085BF28}"
EndProject
Project("{8BC9CEB8-8B4A-11D0-8D11-00A0C91BC942}") = "GuiLibStatic", "GuiLib\GuiLibStatic.vcproj", "{8A9D5B33-DC3D-4FA8-87E0-C03DCE0C3369}"
EndProject
Project("{8BC9CEB8-8B4A-11D0-8D11-00A0C91BC942}") = "GuiPanelAccessDemo", "Samples\GuiPanelAccessDemo\GuiPanelAccessDemo.vcproj", "{0A56ADA0-09CF-4352-A8DB-DEB6F5B8F8EF}"
	ProjectSection(ProjectDependencies) = postProject
		{A23AFA67-8AA4-4512-9D7F-08C41085BF28} = {A23AFA67-8AA4-4512-9D7F-08C41085BF28}
	EndProjectSection
EndProject
Project("{8BC9CEB8-8B4A-11D0-8D11-00A0C91BC942}") = "Gui_DevStudio", "Samples\Gui_DevStudio\Gui_DevStudio.vcproj", "{736B4B0F-FF3C-4699-9FED-14027F203414}"
EndProject
Project("{8BC9CEB8-8B4A-11D0-8D11-00A0C91BC942}") = "OutlookDemo", "Samples\OutlookDemo\OutlookDemo.vcproj", "{67F4A48B-BD48-4C0A-821A-BE7F21A2F70F}"
	ProjectSection(ProjectDependencies) = postProject
		{A23AFA67-8AA4-4512-9D7F-08C41085BF28} = {A23AFA67-8AA4-4512-9D7F-08C41085BF28}
	EndProjectSection
EndProject
Project("{8BC9CEB8-8B4A-11D0-8D11-00A0C91BC942}") = "SDIDemo", "Samples\SDIDemo\SDIDemo.vcproj", "{1CED77FF-16E4-415B-A3CE-4BF794FBBB21}"
	ProjectSection(ProjectDependencies) = postProject
		{A23AFA67-8AA4-4512-9D7F-08C41085BF28} = {A23AFA67-8AA4-4512-9D7F-08C41085BF28}
	EndProjectSection
EndProject
Project("{8BC9CEB8-8B4A-11D0-8D11-00A0C91BC942}") = "TestDlg", "Samples\TestDlg\TestDlg.vcproj", "{660C7D5A-97B9-4D5B-A7FF-DA0E7779C6F9}"
	ProjectSection(ProjectDependencies) = postProject
		{A23AFA67-8AA4-4512-9D7F-08C41085BF28} = {A23AFA67-8AA4-4512-9D7F-08C41085BF28}
	EndProjectSection
EndProject
Project("{8BC9CEB8-8B4A-11D0-8D11-00A0C91BC942}") = "ToolBarsDemo", "Samples\ToolBarsDemo\ToolBarsDemo.vcproj", "{4E1DEB66-953F-45B2-92D6-854BAE979444}"
	ProjectSection(ProjectDependencies) = postProject
		{A23AFA67-8AA4-4512-9D7F-08C41085BF28} = {A23AFA67-8AA4-4512-9D7F-08C41085BF28}
	EndProjectSection
EndProject
Global
	GlobalSection(SolutionConfigurationPlatforms) = preSolution
		Debug Unicode|Win32 = Debug Unicode|Win32
		Debug|Win32 = Debug|Win32
		Release Unicode|Win32 = Release Unicode|Win32
		Release|Win32 = Release|Win32
	EndGlobalSection
	GlobalSection(ProjectConfigurationPlatforms) = postSolution
		{25111AAF-F488-4297-8A98-8BF95740AEA9}.Debug Unicode|Win32.ActiveCfg = Debug|Win32
		{25111AAF-F488-4297-8A98-8BF95740AEA9}.Debug Unicode|Win32.Build.0 = Debug|Win32
		{25111AAF-F488-4297-8A98-8BF95740AEA9}.Debug|Win32.ActiveCfg = Debug|Win32
		{25111AAF-F488-4297-8A98-8BF95740AEA9}.Debug|Win32.Build.0 = Debug|Win32
		{25111AAF-F488-4297-8A98-8BF95740AEA9}.Release Unicode|Win32.ActiveCfg = Release|Win32
		{25111AAF-F488-4297-8A98-8BF95740AEA9}.Release Unicode|Win32.Build.0 = Release|Win32
		{25111AAF-F488-4297-8A98-8BF95740AEA9}.Release|Win32.ActiveCfg = Release|Win32
		{25111AAF-F488-4297-8A98-8BF95740AEA9}.Release|Win32.Build.0 = Release|Win32
		{ADC1C278-CA7D-4155-ACFC-0090BFDF5A8D}.Debug Unicode|Win32.ActiveCfg = Debug|Win32
		{ADC1C278-CA7D-4155-ACFC-0090BFDF5A8D}.Debug Unicode|Win32.Build.0 = Debug|Win32
		{ADC1C278-CA7D-4155-ACFC-0090BFDF5A8D}.Debug|Win32.ActiveCfg = Debug|Win32
		{ADC1C278-CA7D-4155-ACFC-0090BFDF5A8D}.Debug|Win32.Build.0 = Debug|Win32
		{ADC1C278-CA7D-4155-ACFC-0090BFDF5A8D}.Release Unicode|Win32.ActiveCfg = Release|Win32
		{ADC1C278-CA7D-4155-ACFC-0090BFDF5A8D}.Release Unicode|Win32.Build.0 = Release|Win32
		{ADC1C278-CA7D-4155-ACFC-0090BFDF5A8D}.Release|Win32.ActiveCfg = Release|Win32
		{ADC1C278-CA7D-4155-ACFC-0090BFDF5A8D}.Release|Win32.Build.0 = Release|Win32
		{98F09C8A-F6A7-4051-82C2-AF7653903FA7}.Debug Unicode|Win32.ActiveCfg = Debug|Win32
		{98F09C8A-F6A7-4051-82C2-AF7653903FA7}.Debug Unicode|Win32.Build.0 = Debug|Win32
		{98F09C8A-F6A7-4051-82C2-AF7653903FA7}.Debug|Win32.ActiveCfg = Debug|Win32
		{98F09C8A-F6A7-4051-82C2-AF7653903FA7}.Debug|Win32.Build.0 = Debug|Win32
		{98F09C8A-F6A7-4051-82C2-AF7653903FA7}.Release Unicode|Win32.ActiveCfg = Release|Win32
		{98F09C8A-F6A7-4051-82C2-AF7653903FA7}.Release Unicode|Win32.Build.0 = Release|Win32
		{98F09C8A-F6A7-4051-82C2-AF7653903FA7}.Release|Win32.ActiveCfg = Release|Win32
		{98F09C8A-F6A7-4051-82C2-AF7653903FA7}.Release|Win32.Build.0 = Release|Win32
		{5C1484FC-7DF8-40E5-BF35-68B02B902F26}.Debug Unicode|Win32.ActiveCfg = Debug|Win32
		{5C1484FC-7DF8-40E5-BF35-68B02B902F26}.Debug Unicode|Win32.Build.0 = Debug|Win32
		{5C1484FC-7DF8-40E5-BF35-68B02B902F26}.Debug|Win32.ActiveCfg = Debug|Win32
		{5C1484FC-7DF8-40E5-BF35-68B02B902F26}.Debug|Win32.Build.0 = Debug|Win32
		{5C1484FC-7DF8-40E5-BF35-68B02B902F26}.Release Unicode|Win32.ActiveCfg = Release|Win32
		{5C1484FC-7DF8-40E5-BF35-68B02B902F26}.Release Unicode|Win32.Build.0 = Release|Win32
		{5C1484FC-7DF8-40E5-BF35-68B02B902F26}.Release|Win32.ActiveCfg = Release|Win32
		{5C1484FC-7DF8-40E5-BF35-68B02B902F26}.Release|Win32.Build.0 = Release|Win32
		{A23AFA67-8AA4-4512-9D7F-08C41085BF28}.Debug Unicode|Win32.ActiveCfg = Debug Unicode|Win32
		{A23AFA67-8AA4-4512-9D7F-08C41085BF28}.Debug Unicode|Win32.Build.0 = Debug Unicode|Win32
		{A23AFA67-8AA4-4512-9D7F-08C41085BF28}.Debug|Win32.ActiveCfg = Debug|Win32
		{A23AFA67-8AA4-4512-9D7F-08C41085BF28}.Debug|Win32.Build.0 = Debug|Win32
		{A23AFA67-8AA4-4512-9D7F-08C41085BF28}.Release Unicode|Win32.ActiveCfg = Release Unicode|Win32
		{A23AFA67-8AA4-4512-9D7F-08C41085BF28}.Release Unicode|Win32.Build.0 = Release Unicode|Win32
		{A23AFA67-8AA4-4512-9D7F-08C41085BF28}.Release|Win32.ActiveCfg = Release|Win32
		{A23AFA67-8AA4-4512-9D7F-08C41085BF28}.Release|Win32.Build.0 = Release|Win32
		{8A9D5B33-DC3D-4FA8-87E0-C03DCE0C3369}.Debug Unicode|Win32.ActiveCfg = Debug Unicode|Win32
		{8A9D5B33-DC3D-4FA8-87E0-C03DCE0C3369}.Debug Unicode|Win32.Build.0 = Debug Unicode|Win32
		{8A9D5B33-DC3D-4FA8-87E0-C03DCE0C3369}.Debug|Win32.ActiveCfg = Debug|Win32
		{8A9D5B33-DC3D-4FA8-87E0-C03DCE0C3369}.Debug|Win32.Build.0 = Debug|Win32
		{8A9D5B33-DC3D-4FA8-87E0-C03DCE0C3369}.Release Unicode|Win32.ActiveCfg = Release Unicode|Win32
		{8A9D5B33-DC3D-4FA8-87E0-C03DCE0C3369}.Release Unicode|Win32.Build.0 = Release Unicode|Win32
		{8A9D5B33-DC3D-4FA8-87E0-C03DCE0C3369}.Release|Win32.ActiveCfg = Release|Win32
		{8A9D5B33-DC3D-4FA8-87E0-C03DCE0C3369}.Release|Win32.Build.0 = Release|Win32
		{0A56ADA0-09CF-4352-A8DB-DEB6F5B8F8EF}.Debug Unicode|Win32.ActiveCfg = Debug|Win32
		{0A56ADA0-09CF-4352-A8DB-DEB6F5B8F8EF}.Debug Unicode|Win32.Build.0 = Debug|Win32
		{0A56ADA0-09CF-4352-A8DB-DEB6F5B8F8EF}.Debug|Win32.ActiveCfg = Debug|Win32
		{0A56ADA0-09CF-4352-A8DB-DEB6F5B8F8EF}.Debug|Win32.Build.0 = Debug|Win32
		{0A56ADA0-09CF-4352-A8DB-DEB6F5B8F8EF}.Release Unicode|Win32.ActiveCfg = Release|Win32
		{0A56ADA0-09CF-4352-A8DB-DEB6F5B8F8EF}.Release Unicode|Win32.Build.0 = Release|Win32
		{0A56ADA0-09CF-4352-A8DB-DEB6F5B8F8EF}.Release|Win32.ActiveCfg = Release|Win32
		{0A56ADA0-09CF-4352-A8DB-DEB6F5B8F8EF}.Release|Win32.Build.0 = Release|Win32
		{736B4B0F-FF3C-4699-9FED-14027F203414}.Debug Unicode|Win32.ActiveCfg = Debug|Win32
		{736B4B0F-FF3C-4699-9FED-14027F203414}.Debug Unicode|Win32.Build.0 = Debug|Win32
		{736B4B0F-FF3C-4699-9FED-14027F203414}.Debug|Win32.ActiveCfg = Debug|Win32
		{736B4B0F-FF3C-4699-9FED-14027F203414}.Debug|Win32.Build.0 = Debug|Win32
		{736B4B0F-FF3C-4699-9FED-14027F203414}.Release Unicode|Win32.ActiveCfg = Release|Win32
		{736B4B0F-FF3C-4699-9FED-14027F203414}.Release Unicode|Win32.Build.0 = Release|Win32
		{736B4B0F-FF3C-4699-9FED-14027F203414}.Release|Win32.ActiveCfg = Release|Win32
		{736B4B0F-FF3C-4699-9FED-14027F203414}.Release|Win32.Build.0 = Release|Win32
		{67F4A48B-BD48-4C0A-821A-BE7F21A2F70F}.Debug Unicode|Win32.ActiveCfg = Debug|Win32
		{67F4A48B-BD48-4C0A-821A-BE7F21A2F70F}.Debug Unicode|Win32.Build.0 = Debug|Win32
		{67F4A48B-BD48-4C0A-821A-BE7F21A2F70F}.Debug|Win32.ActiveCfg = Debug|Win32
		{67F4A48B-BD48-4C0A-821A-BE7F21A2F70F}.Debug|Win32.Build.0 = Debug|Win32
		{67F4A48B-BD48-4C0A-821A-BE7F21A2F70F}.Release Unicode|Win32.ActiveCfg = Release|Win32
		{67F4A48B-BD48-4C0A-821A-BE7F21A2F70F}.Release Unicode|Win32.Build.0 = Release|Win32
		{67F4A48B-BD48-4C0A-821A-BE7F21A2F70F}.Release|Win32.ActiveCfg = Release|Win32
		{67F4A48B-BD48-4C0A-821A-BE7F21A2F70F}.Release|Win32.Build.0 = Release|Win32
		{1CED77FF-16E4-415B-A3CE-4BF794FBBB21}.Debug Unicode|Win32.ActiveCfg = Debug|Win32
		{1CED77FF-16E4-415B-A3CE-4BF794FBBB21}.Debug Unicode|Win32.Build.0 = Debug|Win32
		{1CED77FF-16E4-415B-A3CE-4BF794FBBB21}.Debug|Win32.ActiveCfg = Debug|Win32
		{1CED77FF-16E4-415B-A3CE-4BF794FBBB21}.Debug|Win32.Build.0 = Debug|Win32
		{1CED77FF-16E4-415B-A3CE-4BF794FBBB21}.Release Unicode|Win32.ActiveCfg = Release|Win32
		{1CED77FF-16E4-415B-A3CE-4BF794FBBB21}.Release Unicode|Win32.Build.0 = Release|Win32
		{1CED77FF-16E4-415B-A3CE-4BF794FBBB21}.Release|Win32.ActiveCfg = Release|Win32
		{1CED77FF-16E4-415B-A3CE-4BF794FBBB21}.Release|Win32.Build.0 = Release|Win32
		{660C7D5A-97B9-4D5B-A7FF-DA0E7779C6F9}.Debug Unicode|Win32.ActiveCfg = Debug|Win32
		{660C7D5A-97B9-4D5B-A7FF-DA0E7779C6F9}.Debug Unicode|Win32.Build.0 = Debug|Win32
		{660C7D5A-97B9-4D5B-A7FF-DA0E7779C6F9}.Debug|Win32.ActiveCfg = Debug|Win32
		{660C7D5A-97B9-4D5B-A7FF-DA0E7779C6F9}.Debug|Win32.Build.0 = Debug|Win32
		{660C7D5A-97B9-4D5B-A7FF-DA0E7779C6F9}.Release Unicode|Win32.ActiveCfg = Release|Win32
		{660C7D5A-97B9-4D5B-A7FF-DA0E7779C6F9}.Release Unicode|Win32.Build.0 = Release|Win32
		{660C7D5A-97B9-4D5B-A7FF-DA0E7779C6F9}.Release|Win32.ActiveCfg = Release|Win32
		{660C7D5A-97B9-4D5B-A7FF-DA0E7779C6F9}.Release|Win32.Build.0 = Release|Win32
		{4E1DEB66-953F-45B2-92D6-854BAE979444}.Debug Unicode|Win32.ActiveCfg = Debug|Win32
		{4E1DEB66-953F-45B2-92D6-854BAE979444}.Debug Unicode|Win32.Build.0 = Debug|Win32
		{4E1DEB66-953F-45B2-92D6-854BAE979444}.Debug|Win32.ActiveCfg = Debug|Win32
		{4E1DEB66-953F-45B2-92D6-854BAE979444}.Debug|Win32.Build.0 = Debug|Win32
		{4E1DEB66-953F-45B2-92D6-854BAE979444}.Release Unicode|Win32.ActiveCfg = Release|Win32
		{4E1DEB66-953F-45B2-92D6-854BAE979444}.Release Unicode|Win32.Build.0 = Release|Win32
		{4E1DEB66-953F-45B2-92D6-854BAE979444}.Release|Win32.ActiveCfg = Release|Win32
		{4E1DEB66-953F-45B2-92D6-854BAE979444}.Release|Win32.Build.0 = Release|Win32
	EndGlobalSection
	GlobalSection(SolutionProperties) = preSolution
		HideSolutionNode = FALSE
	EndGlobalSection
EndGlobal
